
Microsoft Visual Studio Solution File, Format Version 12.00
# Visual Studio 2015
Project("{FAE04EC0-301F-11D3-BF4B-00C04F79EFBC}") = "MyDungeon.CSharp", "MyDungeon.CSharp.csproj", "{92700858-9FE8-E247-FE61-7BEA8FB061FD}"
EndProject
Project("{FAE04EC0-301F-11D3-BF4B-00C04F79EFBC}") = "MyDungeon.CSharp.Editor", "MyDungeon.CSharp.Editor.csproj", "{A4D07F80-D263-259E-A2E5-DDDD3ACA6525}"
EndProject
Global
	GlobalSection(SolutionConfigurationPlatforms) = preSolution
		Debug|Any CPU = Debug|Any CPU
		Release|Any CPU = Release|Any CPU
	EndGlobalSection
	GlobalSection(ProjectConfigurationPlatforms) = postSolution
		{92700858-9FE8-E247-FE61-7BEA8FB061FD}.Debug|Any CPU.ActiveCfg = Debug|Any CPU
		{92700858-9FE8-E247-FE61-7BEA8FB061FD}.Debug|Any CPU.Build.0 = Debug|Any CPU
		{92700858-9FE8-E247-FE61-7BEA8FB061FD}.Release|Any CPU.ActiveCfg = Release|Any CPU
		{92700858-9FE8-E247-FE61-7BEA8FB061FD}.Release|Any CPU.Build.0 = Release|Any CPU
		{A4D07F80-D263-259E-A2E5-DDDD3ACA6525}.Debug|Any CPU.ActiveCfg = Debug|Any CPU
		{A4D07F80-D263-259E-A2E5-DDDD3ACA6525}.Debug|Any CPU.Build.0 = Debug|Any CPU
		{A4D07F80-D263-259E-A2E5-DDDD3ACA6525}.Release|Any CPU.ActiveCfg = Release|Any CPU
		{A4D07F80-D263-259E-A2E5-DDDD3ACA6525}.Release|Any CPU.Build.0 = Release|Any CPU
	EndGlobalSection
	GlobalSection(SolutionProperties) = preSolution
		HideSolutionNode = FALSE
	EndGlobalSection
EndGlobal
